
Microsoft Visual Studio Solution File, Format Version 12.00
# Visual Studio Version 17
VisualStudioVersion = 17.14.36518.9 d17.14
MinimumVisualStudioVersion = 10.0.40219.1
Project("{FAE04EC0-301F-11D3-BF4B-00C04F79EFBC}") = "matrici2", "matrici2\matrici2.csproj", "{ABD5EF61-6FB4-4E0A-9608-631A65DA62B1}"
EndProject
Global
	GlobalSection(SolutionConfigurationPlatforms) = preSolution
		Debug|Any CPU = Debug|Any CPU
		Release|Any CPU = Release|Any CPU
	EndGlobalSection
	GlobalSection(ProjectConfigurationPlatforms) = postSolution
		{ABD5EF61-6FB4-4E0A-9608-631A65DA62B1}.Debug|Any CPU.ActiveCfg = Debug|Any CPU
		{ABD5EF61-6FB4-4E0A-9608-631A65DA62B1}.Debug|Any CPU.Build.0 = Debug|Any CPU
		{ABD5EF61-6FB4-4E0A-9608-631A65DA62B1}.Release|Any CPU.ActiveCfg = Release|Any CPU
		{ABD5EF61-6FB4-4E0A-9608-631A65DA62B1}.Release|Any CPU.Build.0 = Release|Any CPU
	EndGlobalSection
	GlobalSection(SolutionProperties) = preSolution
		HideSolutionNode = FALSE
	EndGlobalSection
	GlobalSection(ExtensibilityGlobals) = postSolution
		SolutionGuid = {F400B3EC-62B5-487F-9561-00315E46439A}
	EndGlobalSection
EndGlobal
